
Microsoft Visual Studio Solution File, Format Version 12.00
# Visual Studio 2013
VisualStudioVersion = 12.0.30501.0
MinimumVisualStudioVersion = 10.0.40219.1
Project("{8BC9CEB8-8B4A-11D0-8D11-00A0C91BC942}") = "HW2.C5", "HW2.C5\HW2.C5.vcxproj", "{CAF0A60E-F598-4844-B684-A2C120B1DFF0}"
EndProject
Global
	GlobalSection(SolutionConfigurationPlatforms) = preSolution
		Debug|Win32 = Debug|Win32
		Release|Win32 = Release|Win32
	EndGlobalSection
	GlobalSection(ProjectConfigurationPlatforms) = postSolution
		{CAF0A60E-F598-4844-B684-A2C120B1DFF0}.Debug|Win32.ActiveCfg = Debug|Win32
		{CAF0A60E-F598-4844-B684-A2C120B1DFF0}.Debug|Win32.Build.0 = Debug|Win32
		{CAF0A60E-F598-4844-B684-A2C120B1DFF0}.Release|Win32.ActiveCfg = Release|Win32
		{CAF0A60E-F598-4844-B684-A2C120B1DFF0}.Release|Win32.Build.0 = Release|Win32
	EndGlobalSection
	GlobalSection(SolutionProperties) = preSolution
		HideSolutionNode = FALSE
	EndGlobalSection
EndGlobal
